
Microsoft Visual Studio Solution File, Format Version 12.00
# Visual Studio Version 16
VisualStudioVersion = 16.0.31702.278
MinimumVisualStudioVersion = 10.0.40219.1
Project("{FAE04EC0-301F-11D3-BF4B-00C04F79EFBC}") = "ImageEditor", "ImageEditor.csproj", "{689F7681-F87C-47F4-946B-1AE299B2BAC8}"
EndProject
Global
	GlobalSection(SolutionConfigurationPlatforms) = preSolution
		Debug|Any CPU = Debug|Any CPU
		Release|Any CPU = Release|Any CPU
	EndGlobalSection
	GlobalSection(ProjectConfigurationPlatforms) = postSolution
		{689F7681-F87C-47F4-946B-1AE299B2BAC8}.Debug|Any CPU.ActiveCfg = Debug|Any CPU
		{689F7681-F87C-47F4-946B-1AE299B2BAC8}.Debug|Any CPU.Build.0 = Debug|Any CPU
		{689F7681-F87C-47F4-946B-1AE299B2BAC8}.Release|Any CPU.ActiveCfg = Release|Any CPU
		{689F7681-F87C-47F4-946B-1AE299B2BAC8}.Release|Any CPU.Build.0 = Release|Any CPU
	EndGlobalSection
	GlobalSection(SolutionProperties) = preSolution
		HideSolutionNode = FALSE
	EndGlobalSection
	GlobalSection(ExtensibilityGlobals) = postSolution
		SolutionGuid = {E5A2A69D-507E-42D1-A814-B2A0AB9653AA}
	EndGlobalSection
EndGlobal
